
Microsoft Visual Studio Solution File, Format Version 12.00
# Visual Studio Version 16
VisualStudioVersion = 16.0.29215.179
MinimumVisualStudioVersion = 10.0.40219.1
Project("{8BC9CEB8-8B4A-11D0-8D11-00A0C91BC942}") = "082819VonbiedenfeldLex2", "082819VonbiedenfeldLex2\082819VonbiedenfeldLex2.vcxproj", "{DAF47863-481D-4865-9BBE-2BCD3BC456A7}"
EndProject
Project("{8BC9CEB8-8B4A-11D0-8D11-00A0C91BC942}") = "Project1", "Project1\Project1.vcxproj", "{13A99622-B1DE-4031-AF98-5209162448B2}"
EndProject
Global
	GlobalSection(SolutionConfigurationPlatforms) = preSolution
		Debug|x64 = Debug|x64
		Debug|x86 = Debug|x86
		Release|x64 = Release|x64
		Release|x86 = Release|x86
	EndGlobalSection
	GlobalSection(ProjectConfigurationPlatforms) = postSolution
		{DAF47863-481D-4865-9BBE-2BCD3BC456A7}.Debug|x64.ActiveCfg = Debug|x64
		{DAF47863-481D-4865-9BBE-2BCD3BC456A7}.Debug|x64.Build.0 = Debug|x64
		{DAF47863-481D-4865-9BBE-2BCD3BC456A7}.Debug|x86.ActiveCfg = Debug|Win32
		{DAF47863-481D-4865-9BBE-2BCD3BC456A7}.Debug|x86.Build.0 = Debug|Win32
		{DAF47863-481D-4865-9BBE-2BCD3BC456A7}.Release|x64.ActiveCfg = Release|x64
		{DAF47863-481D-4865-9BBE-2BCD3BC456A7}.Release|x64.Build.0 = Release|x64
		{DAF47863-481D-4865-9BBE-2BCD3BC456A7}.Release|x86.ActiveCfg = Release|Win32
		{DAF47863-481D-4865-9BBE-2BCD3BC456A7}.Release|x86.Build.0 = Release|Win32
		{13A99622-B1DE-4031-AF98-5209162448B2}.Debug|x64.ActiveCfg = Debug|x64
		{13A99622-B1DE-4031-AF98-5209162448B2}.Debug|x64.Build.0 = Debug|x64
		{13A99622-B1DE-4031-AF98-5209162448B2}.Debug|x86.ActiveCfg = Debug|Win32
		{13A99622-B1DE-4031-AF98-5209162448B2}.Debug|x86.Build.0 = Debug|Win32
		{13A99622-B1DE-4031-AF98-5209162448B2}.Release|x64.ActiveCfg = Release|x64
		{13A99622-B1DE-4031-AF98-5209162448B2}.Release|x64.Build.0 = Release|x64
		{13A99622-B1DE-4031-AF98-5209162448B2}.Release|x86.ActiveCfg = Release|Win32
		{13A99622-B1DE-4031-AF98-5209162448B2}.Release|x86.Build.0 = Release|Win32
	EndGlobalSection
	GlobalSection(SolutionProperties) = preSolution
		HideSolutionNode = FALSE
	EndGlobalSection
	GlobalSection(ExtensibilityGlobals) = postSolution
		SolutionGuid = {78964BC0-15FA-4A91-968C-2C36892C84B1}
	EndGlobalSection
EndGlobal
