
Microsoft Visual Studio Solution File, Format Version 12.00
# Visual Studio Version 16
VisualStudioVersion = 16.0.29215.179
MinimumVisualStudioVersion = 10.0.40219.1
Project("{8BC9CEB8-8B4A-11D0-8D11-00A0C91BC942}") = "092519VonbiedenfeldLex", "092519VonbiedenfeldLex\092519VonbiedenfeldLex.vcxproj", "{64C5436E-BC1C-4A29-B256-7D4F458523E5}"
EndProject
Project("{8BC9CEB8-8B4A-11D0-8D11-00A0C91BC942}") = "Project1", "Project1\Project1.vcxproj", "{B095DFE9-A915-47E6-B1E3-C24B3B6ED43C}"
EndProject
Project("{8BC9CEB8-8B4A-11D0-8D11-00A0C91BC942}") = "Project2", "Project2\Project2.vcxproj", "{9B4E017B-86FA-4B0D-BAFE-E6F9AB00CD48}"
EndProject
Project("{8BC9CEB8-8B4A-11D0-8D11-00A0C91BC942}") = "Project3", "Project3\Project3.vcxproj", "{371042F8-7207-4039-BEA8-B88D6106852F}"
EndProject
Project("{8BC9CEB8-8B4A-11D0-8D11-00A0C91BC942}") = "Project4", "Project4\Project4.vcxproj", "{5063AFF0-58DE-437A-9097-48EE77C62E1B}"
EndProject
Project("{8BC9CEB8-8B4A-11D0-8D11-00A0C91BC942}") = "Project5", "Project5\Project5.vcxproj", "{64ECAB18-2A41-47C8-AD33-C3DF3C1C26AE}"
EndProject
Project("{8BC9CEB8-8B4A-11D0-8D11-00A0C91BC942}") = "Project6", "Project6\Project6.vcxproj", "{A1813E7B-6ECB-419A-99DC-A1DDF38E3128}"
EndProject
Project("{8BC9CEB8-8B4A-11D0-8D11-00A0C91BC942}") = "Project7", "Project7\Project7.vcxproj", "{9CDF00EC-975C-4593-8960-C3800BDC0C77}"
EndProject
Project("{8BC9CEB8-8B4A-11D0-8D11-00A0C91BC942}") = "Project8", "Project8\Project8.vcxproj", "{C78BD8D9-B90A-4F96-9497-153A145CD139}"
EndProject
Global
	GlobalSection(SolutionConfigurationPlatforms) = preSolution
		Debug|x64 = Debug|x64
		Debug|x86 = Debug|x86
		Release|x64 = Release|x64
		Release|x86 = Release|x86
	EndGlobalSection
	GlobalSection(ProjectConfigurationPlatforms) = postSolution
		{64C5436E-BC1C-4A29-B256-7D4F458523E5}.Debug|x64.ActiveCfg = Debug|x64
		{64C5436E-BC1C-4A29-B256-7D4F458523E5}.Debug|x64.Build.0 = Debug|x64
		{64C5436E-BC1C-4A29-B256-7D4F458523E5}.Debug|x86.ActiveCfg = Debug|Win32
		{64C5436E-BC1C-4A29-B256-7D4F458523E5}.Debug|x86.Build.0 = Debug|Win32
		{64C5436E-BC1C-4A29-B256-7D4F458523E5}.Release|x64.ActiveCfg = Release|x64
		{64C5436E-BC1C-4A29-B256-7D4F458523E5}.Release|x64.Build.0 = Release|x64
		{64C5436E-BC1C-4A29-B256-7D4F458523E5}.Release|x86.ActiveCfg = Release|Win32
		{64C5436E-BC1C-4A29-B256-7D4F458523E5}.Release|x86.Build.0 = Release|Win32
		{B095DFE9-A915-47E6-B1E3-C24B3B6ED43C}.Debug|x64.ActiveCfg = Debug|x64
		{B095DFE9-A915-47E6-B1E3-C24B3B6ED43C}.Debug|x64.Build.0 = Debug|x64
		{B095DFE9-A915-47E6-B1E3-C24B3B6ED43C}.Debug|x86.ActiveCfg = Debug|Win32
		{B095DFE9-A915-47E6-B1E3-C24B3B6ED43C}.Debug|x86.Build.0 = Debug|Win32
		{B095DFE9-A915-47E6-B1E3-C24B3B6ED43C}.Release|x64.ActiveCfg = Release|x64
		{B095DFE9-A915-47E6-B1E3-C24B3B6ED43C}.Release|x64.Build.0 = Release|x64
		{B095DFE9-A915-47E6-B1E3-C24B3B6ED43C}.Release|x86.ActiveCfg = Release|Win32
		{B095DFE9-A915-47E6-B1E3-C24B3B6ED43C}.Release|x86.Build.0 = Release|Win32
		{9B4E017B-86FA-4B0D-BAFE-E6F9AB00CD48}.Debug|x64.ActiveCfg = Debug|x64
		{9B4E017B-86FA-4B0D-BAFE-E6F9AB00CD48}.Debug|x64.Build.0 = Debug|x64
		{9B4E017B-86FA-4B0D-BAFE-E6F9AB00CD48}.Debug|x86.ActiveCfg = Debug|Win32
		{9B4E017B-86FA-4B0D-BAFE-E6F9AB00CD48}.Debug|x86.Build.0 = Debug|Win32
		{9B4E017B-86FA-4B0D-BAFE-E6F9AB00CD48}.Release|x64.ActiveCfg = Release|x64
		{9B4E017B-86FA-4B0D-BAFE-E6F9AB00CD48}.Release|x64.Build.0 = Release|x64
		{9B4E017B-86FA-4B0D-BAFE-E6F9AB00CD48}.Release|x86.ActiveCfg = Release|Win32
		{9B4E017B-86FA-4B0D-BAFE-E6F9AB00CD48}.Release|x86.Build.0 = Release|Win32
		{371042F8-7207-4039-BEA8-B88D6106852F}.Debug|x64.ActiveCfg = Debug|x64
		{371042F8-7207-4039-BEA8-B88D6106852F}.Debug|x64.Build.0 = Debug|x64
		{371042F8-7207-4039-BEA8-B88D6106852F}.Debug|x86.ActiveCfg = Debug|Win32
		{371042F8-7207-4039-BEA8-B88D6106852F}.Debug|x86.Build.0 = Debug|Win32
		{371042F8-7207-4039-BEA8-B88D6106852F}.Release|x64.ActiveCfg = Release|x64
		{371042F8-7207-4039-BEA8-B88D6106852F}.Release|x64.Build.0 = Release|x64
		{371042F8-7207-4039-BEA8-B88D6106852F}.Release|x86.ActiveCfg = Release|Win32
		{371042F8-7207-4039-BEA8-B88D6106852F}.Release|x86.Build.0 = Release|Win32
		{5063AFF0-58DE-437A-9097-48EE77C62E1B}.Debug|x64.ActiveCfg = Debug|x64
		{5063AFF0-58DE-437A-9097-48EE77C62E1B}.Debug|x64.Build.0 = Debug|x64
		{5063AFF0-58DE-437A-9097-48EE77C62E1B}.Debug|x86.ActiveCfg = Debug|Win32
		{5063AFF0-58DE-437A-9097-48EE77C62E1B}.Debug|x86.Build.0 = Debug|Win32
		{5063AFF0-58DE-437A-9097-48EE77C62E1B}.Release|x64.ActiveCfg = Release|x64
		{5063AFF0-58DE-437A-9097-48EE77C62E1B}.Release|x64.Build.0 = Release|x64
		{5063AFF0-58DE-437A-9097-48EE77C62E1B}.Release|x86.ActiveCfg = Release|Win32
		{5063AFF0-58DE-437A-9097-48EE77C62E1B}.Release|x86.Build.0 = Release|Win32
		{64ECAB18-2A41-47C8-AD33-C3DF3C1C26AE}.Debug|x64.ActiveCfg = Debug|x64
		{64ECAB18-2A41-47C8-AD33-C3DF3C1C26AE}.Debug|x64.Build.0 = Debug|x64
		{64ECAB18-2A41-47C8-AD33-C3DF3C1C26AE}.Debug|x86.ActiveCfg = Debug|Win32
		{64ECAB18-2A41-47C8-AD33-C3DF3C1C26AE}.Debug|x86.Build.0 = Debug|Win32
		{64ECAB18-2A41-47C8-AD33-C3DF3C1C26AE}.Release|x64.ActiveCfg = Release|x64
		{64ECAB18-2A41-47C8-AD33-C3DF3C1C26AE}.Release|x64.Build.0 = Release|x64
		{64ECAB18-2A41-47C8-AD33-C3DF3C1C26AE}.Release|x86.ActiveCfg = Release|Win32
		{64ECAB18-2A41-47C8-AD33-C3DF3C1C26AE}.Release|x86.Build.0 = Release|Win32
		{A1813E7B-6ECB-419A-99DC-A1DDF38E3128}.Debug|x64.ActiveCfg = Debug|x64
		{A1813E7B-6ECB-419A-99DC-A1DDF38E3128}.Debug|x64.Build.0 = Debug|x64
		{A1813E7B-6ECB-419A-99DC-A1DDF38E3128}.Debug|x86.ActiveCfg = Debug|Win32
		{A1813E7B-6ECB-419A-99DC-A1DDF38E3128}.Debug|x86.Build.0 = Debug|Win32
		{A1813E7B-6ECB-419A-99DC-A1DDF38E3128}.Release|x64.ActiveCfg = Release|x64
		{A1813E7B-6ECB-419A-99DC-A1DDF38E3128}.Release|x64.Build.0 = Release|x64
		{A1813E7B-6ECB-419A-99DC-A1DDF38E3128}.Release|x86.ActiveCfg = Release|Win32
		{A1813E7B-6ECB-419A-99DC-A1DDF38E3128}.Release|x86.Build.0 = Release|Win32
		{9CDF00EC-975C-4593-8960-C3800BDC0C77}.Debug|x64.ActiveCfg = Debug|x64
		{9CDF00EC-975C-4593-8960-C3800BDC0C77}.Debug|x64.Build.0 = Debug|x64
		{9CDF00EC-975C-4593-8960-C3800BDC0C77}.Debug|x86.ActiveCfg = Debug|Win32
		{9CDF00EC-975C-4593-8960-C3800BDC0C77}.Debug|x86.Build.0 = Debug|Win32
		{9CDF00EC-975C-4593-8960-C3800BDC0C77}.Release|x64.ActiveCfg = Release|x64
		{9CDF00EC-975C-4593-8960-C3800BDC0C77}.Release|x64.Build.0 = Release|x64
		{9CDF00EC-975C-4593-8960-C3800BDC0C77}.Release|x86.ActiveCfg = Release|Win32
		{9CDF00EC-975C-4593-8960-C3800BDC0C77}.Release|x86.Build.0 = Release|Win32
		{C78BD8D9-B90A-4F96-9497-153A145CD139}.Debug|x64.ActiveCfg = Debug|x64
		{C78BD8D9-B90A-4F96-9497-153A145CD139}.Debug|x64.Build.0 = Debug|x64
		{C78BD8D9-B90A-4F96-9497-153A145CD139}.Debug|x86.ActiveCfg = Debug|Win32
		{C78BD8D9-B90A-4F96-9497-153A145CD139}.Debug|x86.Build.0 = Debug|Win32
		{C78BD8D9-B90A-4F96-9497-153A145CD139}.Release|x64.ActiveCfg = Release|x64
		{C78BD8D9-B90A-4F96-9497-153A145CD139}.Release|x64.Build.0 = Release|x64
		{C78BD8D9-B90A-4F96-9497-153A145CD139}.Release|x86.ActiveCfg = Release|Win32
		{C78BD8D9-B90A-4F96-9497-153A145CD139}.Release|x86.Build.0 = Release|Win32
	EndGlobalSection
	GlobalSection(SolutionProperties) = preSolution
		HideSolutionNode = FALSE
	EndGlobalSection
	GlobalSection(ExtensibilityGlobals) = postSolution
		SolutionGuid = {210B61FA-0149-4DAD-ACAD-3D4E4B0906D5}
	EndGlobalSection
EndGlobal
